
Microsoft Visual Studio Solution File, Format Version 12.00
Project("{FAE04EC0-301F-11D3-BF4B-00C04F79EFBC}") = "CSharpFunctionalExtensions.MinimalApi.Generators", "CSharpFunctionalExtensions.MinimalApi.Generators\CSharpFunctionalExtensions.MinimalApi.Generators.csproj", "{872F33CA-8C19-4F05-8CB1-84C16B535289}"
EndProject
Project("{FAE04EC0-301F-11D3-BF4B-00C04F79EFBC}") = "CSharpFunctionalExtensions.MinimalApi", "CSharpFunctionalExtensions.MinimalApi\CSharpFunctionalExtensions.MinimalApi.csproj", "{970FA9B2-4964-46BC-9503-87BBEBE8CA95}"
EndProject
Project("{FAE04EC0-301F-11D3-BF4B-00C04F79EFBC}") = "CSharpFunctionalExtensions.MinimalApi.Tests", "CSharpFunctionalExtensions.MinimalApi.Tests\CSharpFunctionalExtensions.MinimalApi.Tests.csproj", "{76898CAD-D321-4116-877D-6588D68405D3}"
EndProject
Global
	GlobalSection(SolutionConfigurationPlatforms) = preSolution
		Debug|Any CPU = Debug|Any CPU
		Release|Any CPU = Release|Any CPU
	EndGlobalSection
	GlobalSection(ProjectConfigurationPlatforms) = postSolution
		{872F33CA-8C19-4F05-8CB1-84C16B535289}.Debug|Any CPU.ActiveCfg = Debug|Any CPU
		{872F33CA-8C19-4F05-8CB1-84C16B535289}.Debug|Any CPU.Build.0 = Debug|Any CPU
		{872F33CA-8C19-4F05-8CB1-84C16B535289}.Release|Any CPU.ActiveCfg = Release|Any CPU
		{872F33CA-8C19-4F05-8CB1-84C16B535289}.Release|Any CPU.Build.0 = Release|Any CPU
		{970FA9B2-4964-46BC-9503-87BBEBE8CA95}.Debug|Any CPU.ActiveCfg = Debug|Any CPU
		{970FA9B2-4964-46BC-9503-87BBEBE8CA95}.Debug|Any CPU.Build.0 = Debug|Any CPU
		{970FA9B2-4964-46BC-9503-87BBEBE8CA95}.Release|Any CPU.ActiveCfg = Release|Any CPU
		{970FA9B2-4964-46BC-9503-87BBEBE8CA95}.Release|Any CPU.Build.0 = Release|Any CPU
		{76898CAD-D321-4116-877D-6588D68405D3}.Debug|Any CPU.ActiveCfg = Debug|Any CPU
		{76898CAD-D321-4116-877D-6588D68405D3}.Debug|Any CPU.Build.0 = Debug|Any CPU
		{76898CAD-D321-4116-877D-6588D68405D3}.Release|Any CPU.ActiveCfg = Release|Any CPU
		{76898CAD-D321-4116-877D-6588D68405D3}.Release|Any CPU.Build.0 = Release|Any CPU
	EndGlobalSection
EndGlobal
